hash: b371ef0efaefc428d133f825e99a02e97915936e13d34511329a86529af55aef
updated: 2016-05-27T13:29:38.847931816+02:00
imports:
- name: github.com/coreos/go-systemd
  version: 385c74262f138076e06e34b925eed2f603a6dfdf
  subpackages:
  - journal
- name: github.com/coreos/pkg
  version: 385c74262f138076e06e34b925eed2f603a6dfdf
  subpackages:
  - capnslog
- name: github.com/daviddengcn/go-colortext
  version: 385c74262f138076e06e34b925eed2f603a6dfdf
- name: github.com/golang/glog
  version: ""
- name: github.com/openshift/origin
  version: ""
  subpackages:
  - pkg/client
  - pkg/cmd/admin/policy
  - pkg/cmd/server/bootstrappolicy
  - pkg/route/api
  - pkg/template
  - pkg/template/api
  - pkg/template/api/v1
  - pkg/template/generator
- name: github.com/Sirupsen/logrus
  version: ""
- name: github.com/spf13/cobra
  version: 385c74262f138076e06e34b925eed2f603a6dfdf
- name: github.com/spf13/pflag
  version: 385c74262f138076e06e34b925eed2f603a6dfdf
- name: github.com/stretchr/testify
  version: 8d64eb7173c7753d6419fd4a9caf057398611364
  subpackages:
  - assert
- name: golang.org/x/crypto
  version: ""
  repo: https://github.com/golang/crypto.git
  vcs: git
- name: k8s.io/kubernetes
  version: ""
  repo: git@github.com:openshift/kubernetes.git
  vcs: git
  subpackages:
  - pkg/api
  - pkg/api/resource
  - pkg/api/unversioned
  - pkg/client/unversioned
  - pkg/fields
  - pkg/kubectl/cmd
  - pkg/kubectl/cmd/util
  - pkg/labels
  - pkg/runtime
  - pkg/util
- name: speter.net/go/exp/math/dec/inf
  version: 385c74262f138076e06e34b925eed2f603a6dfdf
  repo: git@github.com:go-inf/inf.git
  vcs: git
devImports: []
